{
  "name": "@shakerquiz/forms",
  "version": "0.0.25",
  "lockfileVersion": 3,
  "requires": true,
  "packages": {
    "": {
      "name": "@shakerquiz/forms",
      "version": "0.0.25",
      "license": "ISC",
      "devDependencies": {
        "@shakerquiz/contracts": "0.0.28",
        "@shakerquiz/utilities": "4.0.0",
        "@types/bun": "^1.3.6"
      }
    },
    "node_modules/@shakerquiz/contracts": {
      "version": "0.0.28",
      "resolved": "https://registry.npmjs.org/@shakerquiz/contracts/-/contracts-0.0.28.tgz",
      "integrity": "sha512-Vz79TkxKrHsYUmQpoVvZhfsrVVdX0yAjCWR82Doj816nKG6TbqysOOi7jhdvxtLPlU551XETESf9aIVRYpO1wQ==",
      "dev": true,
      "license": "ISC"
    },
    "node_modules/@shakerquiz/utilities": {
      "version": "4.0.0",
      "resolved": "https://registry.npmjs.org/@shakerquiz/utilities/-/utilities-4.0.0.tgz",
      "integrity": "sha512-CKzvhUBNN8F9d50gzjds1YVGl5mcrzMs5FPjf57QF6eZrIN5ngdqe7Uz0iS4o3xTq+pBbBdiHRBHlqD2G/n5UQ==",
      "dev": true,
      "license": "ISC"
    },
    "node_modules/@types/bun": {
      "version": "1.3.6",
      "resolved": "https://registry.npmjs.org/@types/bun/-/bun-1.3.6.tgz",
      "integrity": "sha512-uWCv6FO/8LcpREhenN1d1b6fcspAB+cefwD7uti8C8VffIv0Um08TKMn98FynpTiU38+y2dUO55T11NgDt8VAA==",
      "dev": true,
      "license": "MIT",
      "dependencies": {
        "bun-types": "1.3.6"
      }
    },
    "node_modules/@types/node": {
      "version": "25.0.10",
      "resolved": "https://registry.npmjs.org/@types/node/-/node-25.0.10.tgz",
      "integrity": "sha512-zWW5KPngR/yvakJgGOmZ5vTBemDoSqF3AcV/LrO5u5wTWyEAVVh+IT39G4gtyAkh3CtTZs8aX/yRM82OfzHJRg==",
      "dev": true,
      "license": "MIT",
      "dependencies": {
        "undici-types": "~7.16.0"
      }
    },
    "node_modules/bun-types": {
      "version": "1.3.6",
      "resolved": "https://registry.npmjs.org/bun-types/-/bun-types-1.3.6.tgz",
      "integrity": "sha512-OlFwHcnNV99r//9v5IIOgQ9Uk37gZqrNMCcqEaExdkVq3Avwqok1bJFmvGMCkCE0FqzdY8VMOZpfpR3lwI+CsQ==",
      "dev": true,
      "license": "MIT",
      "dependencies": {
        "@types/node": "*"
      }
    },
    "node_modules/undici-types": {
      "version": "7.16.0",
      "resolved": "https://registry.npmjs.org/undici-types/-/undici-types-7.16.0.tgz",
      "integrity": "sha512-Zz+aZWSj8LE6zoxD+xrjh4VfkIG8Ya6LvYkZqtUQGJPZjYl53ypCaUwWqo7eI0x66KBGeRo+mlBEkMSeSZ38Nw==",
      "dev": true,
      "license": "MIT"
    }
  }
}
